<Project xmlns="http://schemas.microsoft.com/developer/msbuild/2003">
    <PropertyGroup>
        <ProjectGuid>{a6716fd3-c44b-403e-a3f1-9d8f3d21f6ec}</ProjectGuid>
        <MainSource>Nilus.dpr</MainSource>
        <Configuration Condition=" '$(Configuration)' == '' ">Debug</Configuration>
        <DCC_DCCCompiler>DCC32</DCC_DCCCompiler>
        <DCC_DependencyCheckOutputName>d:\Sistemas\Nilus\Compras.exe</DCC_DependencyCheckOutputName>
        <ProjectVersion>18.0</ProjectVersion>
        <Config Condition="'$(Config)'==''">Debug</Config>
        <Base>True</Base>
        <AppType>Application</AppType>
        <FrameworkType>VCL</FrameworkType>
        <Platform Condition="'$(Platform)'==''">Win32</Platform>
        <TargetedPlatforms>1</TargetedPlatforms>
    </PropertyGroup>
    <PropertyGroup Condition="'$(Config)'=='Base' or '$(Base)'!=''">
        <Base>true</Base>
    </PropertyGroup>
    <PropertyGroup Condition="('$(Platform)'=='Win32' and '$(Base)'=='true') or '$(Base_Win32)'!=''">
        <Base_Win32>true</Base_Win32>
        <CfgParent>Base</CfgParent>
        <Base>true</Base>
    </PropertyGroup>
    <PropertyGroup Condition="'$(Config)'=='Release' or '$(Cfg_1)'!=''">
        <Cfg_1>true</Cfg_1>
        <CfgParent>Base</CfgParent>
        <Base>true</Base>
    </PropertyGroup>
    <PropertyGroup Condition="('$(Platform)'=='Win32' and '$(Cfg_1)'=='true') or '$(Cfg_1_Win32)'!=''">
        <Cfg_1_Win32>true</Cfg_1_Win32>
        <CfgParent>Cfg_1</CfgParent>
        <Cfg_1>true</Cfg_1>
        <Base>true</Base>
    </PropertyGroup>
    <PropertyGroup Condition="'$(Config)'=='Debug' or '$(Cfg_2)'!=''">
        <Cfg_2>true</Cfg_2>
        <CfgParent>Base</CfgParent>
        <Base>true</Base>
    </PropertyGroup>
    <PropertyGroup Condition="('$(Platform)'=='Win32' and '$(Cfg_2)'=='true') or '$(Cfg_2_Win32)'!=''">
        <Cfg_2_Win32>true</Cfg_2_Win32>
        <CfgParent>Cfg_2</CfgParent>
        <Cfg_2>true</Cfg_2>
        <Base>true</Base>
    </PropertyGroup>
    <PropertyGroup Condition="'$(Base)'!=''">
        <SanitizedProjectName>Nilus</SanitizedProjectName>
        <VerInfo_Special>true</VerInfo_Special>
        <VerInfo_Locale>1046</VerInfo_Locale>
        <VerInfo_IncludeVerInfo>true</VerInfo_IncludeVerInfo>
        <VerInfo_DLL>true</VerInfo_DLL>
        <Manifest_File>None</Manifest_File>
        <DCC_Namespace>Vcl;Vcl.Imaging;Vcl.Touch;Vcl.Samples;Vcl.Shell;System;Xml;Data;Datasnap;Web;Soap;Winapi;System.Win;Data.Win;$(DCC_Namespace)</DCC_Namespace>
        <VerInfo_Private>true</VerInfo_Private>
        <VerInfo_AutoGenVersion>true</VerInfo_AutoGenVersion>
        <VerInfo_Debug>true</VerInfo_Debug>
        <VerInfo_PreRelease>true</VerInfo_PreRelease>
        <Icon_MainIcon>Nilus_Icon4.ico</Icon_MainIcon>
        <VerInfo_MajorVer>2</VerInfo_MajorVer>
        <VerInfo_Build>466</VerInfo_Build>
        <VerInfo_Keys>CompanyName=Nilus Soluções para o Agronegócio;FileDescription=Nilus Sistema de Gestão;FileVersion=2.0.0.466;InternalName=;LegalCopyright=;LegalTrademarks=;OriginalFilename=;ProductName=Nilus Gestão Empresarial;ProductVersion=2.0.0.0;Comments=;SpecialBuild=;PrivateBuild=</VerInfo_Keys>
        <DCC_UsePackage>vclx;vcl;dbrtl;bdertl;rtl;vclactnband;vcldb;vcldbx;dsnap;dsnapcon;TeeUI;TeeDB;Tee;adortl;vclib;ibxpress;IndyCore;IndySystem;IndyProtocols;xmlrtl;inet;VclSmp;vclie;websnap;webdsnap;inetdbbde;inetdbxpress;soaprtl;vclribbon;dbexpress;DbxCommonDriver;DataSnapIndy10ServerTransport;DataSnapProviderClient;DataSnapServer;DbxClientDriver;DBXInterBaseDriver;DBXMySQLDriver;dbxcds;DBXSybaseASEDriver;DBXSybaseASADriver;DBXOracleDriver;DBXMSSQLDriver;DBXInformixDriver;DBXDb2Driver;ZComponent;ZDbc;ZPlain;ZCore;ZParseSql;Componentes;Jcl;JclVcl;JvCoreD15R;JvSystemD15R;JvStdCtrlsD15R;JvCtrlsD15R;JvCmpD15R;JvCustomD15R;JvDlgsD15R;JvCryptD15R;JvMMD15R;JvNetD15R;JvAppFrmD15R;JvDBD15R;JvBDED15R;JvInterpreterD15R;JvBandsD15R;JvPluginD15R;JvJansD15R;JvGlobusD15R;JvPrintPreviewD15R;JvPageCompsD15R;JvValidatorsD15R;JvWizardD15R;JvTimeFrameworkD15R;JvHMID15R;JvManagedThreadsD15R;JvXPCtrlsD15R;JvDockingD15R;JvDotNetCtrlsD15R;JvEDID15R;JvRuntimeDesignD15R;cxEditorsD15;cxLibraryD15;dxCoreD15;cxExtEditorsD15;cxPageControlD15;frx15;frxADO15;frxBDE15;frxcs15;frxDB15;frxe15;frxDBX15;frxIBX15;frxTee15;fs15;fsADO15;fsBDE15;fsDB15;fsIBX15;fsTee15;cxGridD15;Expression;$(DCC_UsePackage)</DCC_UsePackage>
        <DCC_DependencyCheckOutputName>Nilus.exe</DCC_DependencyCheckOutputName>
    </PropertyGroup>
    <PropertyGroup Condition="'$(Base_Win32)'!=''">
        <AppEnableRuntimeThemes>true</AppEnableRuntimeThemes>
        <Manifest_File>$(BDS)\bin\default_app.manifest</Manifest_File>
        <DCC_Namespace>Datasnap.Win;Web.Win;Soap.Win;Xml.Win;Bde;$(DCC_Namespace)</DCC_Namespace>
        <DCC_ExeOutput>G:\Sistemas\Nilus\</DCC_ExeOutput>
        <VerInfo_MajorVer>1</VerInfo_MajorVer>
        <Debugger_RunParams>Nilus G3sta0_20 1 1 1 1</Debugger_RunParams>
        <VerInfo_Keys>CompanyName=;FileDescription=;FileVersion=1.0.0.0;InternalName=;LegalCopyright=;LegalTrademarks=;OriginalFilename=;ProductName=;ProductVersion=1.0.0.0;Comments=</VerInfo_Keys>
        <Debugger_CWD>D:\Sistemas\Nilus</Debugger_CWD>
        <VerInfo_Locale>1033</VerInfo_Locale>
        <VerInfo_Build>0</VerInfo_Build>
    </PropertyGroup>
    <PropertyGroup Condition="'$(Cfg_1)'!=''">
        <DCC_DependencyCheckOutputName>\\VitaServer\Nilus\Nilus.exe</DCC_DependencyCheckOutputName>
        <Version>7.0</Version>
        <DCC_DebugInformation>0</DCC_DebugInformation>
        <DCC_LocalDebugSymbols>False</DCC_LocalDebugSymbols>
        <DCC_SymbolReferenceInfo>0</DCC_SymbolReferenceInfo>
        <DCC_ExeOutput>D:\Sistemas\Nilus\</DCC_ExeOutput>
        <DCC_Define>RELEASE;$(DCC_Define)</DCC_Define>
    </PropertyGroup>
    <PropertyGroup Condition="'$(Cfg_1_Win32)'!=''">
        <AppEnableRuntimeThemes>true</AppEnableRuntimeThemes>
        <Manifest_File>$(BDS)\bin\default_app.manifest</Manifest_File>
        <VerInfo_MajorVer>1</VerInfo_MajorVer>
        <VerInfo_Locale>1033</VerInfo_Locale>
        <VerInfo_Keys>CompanyName=;FileDescription=;FileVersion=1.0.0.0;InternalName=;LegalCopyright=;LegalTrademarks=;OriginalFilename=;ProductName=;ProductVersion=1.0.0.0;Comments=</VerInfo_Keys>
        <VerInfo_Build>0</VerInfo_Build>
    </PropertyGroup>
    <PropertyGroup Condition="'$(Cfg_2)'!=''">
        <DCC_DebugDCUs>true</DCC_DebugDCUs>
        <DCC_Optimize>false</DCC_Optimize>
        <BCC_DebugLineNumbers>true</BCC_DebugLineNumbers>
        <ILINK_FullDebugInfo>true</ILINK_FullDebugInfo>
        <BCC_SourceDebuggingOn>true</BCC_SourceDebuggingOn>
        <DCC_DebugInfoInExe>true</DCC_DebugInfoInExe>
        <DCC_DependencyCheckOutputName>d:\Sistemas\Nilus\Nilus.exe</DCC_DependencyCheckOutputName>
        <Version>7.0</Version>
        <DCC_Define>DEBUG;$(DCC_Define)</DCC_Define>
        <DCC_ExeOutput>D:\Sistemas\Nilus</DCC_ExeOutput>
    </PropertyGroup>
    <PropertyGroup Condition="'$(Cfg_2_Win32)'!=''">
        <DCC_ExeOutput>D:\Sistemas\Nilus\</DCC_ExeOutput>
        <AppEnableRuntimeThemes>true</AppEnableRuntimeThemes>
        <Manifest_File>$(BDS)\bin\default_app.manifest</Manifest_File>
        <VerInfo_MajorVer>1</VerInfo_MajorVer>
        <VerInfo_Locale>1033</VerInfo_Locale>
        <VerInfo_Keys>CompanyName=;FileDescription=;FileVersion=1.0.0.0;InternalName=;LegalCopyright=;LegalTrademarks=;OriginalFilename=;ProductName=;ProductVersion=1.0.0.0;Comments=</VerInfo_Keys>
        <VerInfo_Build>0</VerInfo_Build>
    </PropertyGroup>
    <ProjectExtensions>
        <Borland.Personality>Delphi.Personality.12</Borland.Personality>
        <Borland.ProjectType/>
        <BorlandProject>
            <Delphi.Personality>
                <Parameters>
                    <Parameters Name="RunParams">Nilus G3sta0_20 1 1 1 1</Parameters>
                    <Parameters Name="DebugCWD">D:\Sistemas\Nilus</Parameters>
                </Parameters>
                <VersionInfo>
                    <VersionInfo Name="IncludeVerInfo">True</VersionInfo>
                    <VersionInfo Name="AutoIncBuild">True</VersionInfo>
                    <VersionInfo Name="MajorVer">2</VersionInfo>
                    <VersionInfo Name="MinorVer">0</VersionInfo>
                    <VersionInfo Name="Release">0</VersionInfo>
                    <VersionInfo Name="Build">703</VersionInfo>
                    <VersionInfo Name="Debug">True</VersionInfo>
                    <VersionInfo Name="PreRelease">True</VersionInfo>
                    <VersionInfo Name="Special">True</VersionInfo>
                    <VersionInfo Name="Private">True</VersionInfo>
                    <VersionInfo Name="DLL">True</VersionInfo>
                    <VersionInfo Name="Locale">1046</VersionInfo>
                    <VersionInfo Name="CodePage">1252</VersionInfo>
                </VersionInfo>
                <VersionInfoKeys>
                    <VersionInfoKeys Name="CompanyName">Nilus Soluções para o Agronegócio</VersionInfoKeys>
                    <VersionInfoKeys Name="FileDescription">Nilus Sistema de Gestão</VersionInfoKeys>
                    <VersionInfoKeys Name="FileVersion">2.0.0.703</VersionInfoKeys>
                    <VersionInfoKeys Name="InternalName"/>
                    <VersionInfoKeys Name="LegalCopyright"/>
                    <VersionInfoKeys Name="LegalTrademarks"/>
                    <VersionInfoKeys Name="OriginalFilename"/>
                    <VersionInfoKeys Name="ProductName">Nilus Gestão Empresarial</VersionInfoKeys>
                    <VersionInfoKeys Name="ProductVersion">2.0.0.0</VersionInfoKeys>
                    <VersionInfoKeys Name="Comments"/>
                    <VersionInfoKeys Name="SpecialBuild"/>
                    <VersionInfoKeys Name="PrivateBuild"/>
                </VersionInfoKeys>
                <Source>
                    <Source Name="MainSource">Nilus.dpr</Source>
                </Source>
                <Excluded_Packages>
                    <Excluded_Packages Name="$(BDSBIN)\dcloffice2k230.bpl">Microsoft Office 2000 Sample Automation Server Wrapper Components</Excluded_Packages>
                    <Excluded_Packages Name="$(BDSBIN)\dclofficexp230.bpl">Microsoft Office XP Sample Automation Server Wrapper Components</Excluded_Packages>
                </Excluded_Packages>
            </Delphi.Personality>
            <Platforms>
                <Platform value="Win32">True</Platform>
            </Platforms>
            <ModelSupport>False</ModelSupport>
            <Deployment Version="2">
                <DeployFile LocalName="D:\Sistemas\Nilus\Nilus.exe" Configuration="Debug" Class="ProjectOutput">
                    <Platform Name="Win32">
                        <RemoteName>Nilus.exe</RemoteName>
                        <Overwrite>true</Overwrite>
                    </Platform>
                </DeployFile>
                <DeployFile LocalName="D:\Sistemas\Nilus\Nilus.exe" Configuration="Release" Class="ProjectOutput">
                    <Platform Name="Win32">
                        <RemoteName>Nilus.exe</RemoteName>
                        <Overwrite>true</Overwrite>
                    </Platform>
                </DeployFile>
                <DeployClass Name="DependencyModule">
                    <Platform Name="Win32">
                        <Operation>0</Operation>
                        <Extensions>.dll;.bpl</Extensions>
                    </Platform>
                    <Platform Name="iOSDevice64">
                        <Operation>1</Operation>
                        <Extensions>.dylib</Extensions>
                    </Platform>
                    <Platform Name="OSX32">
                        <RemoteDir>Contents\MacOS</RemoteDir>
                        <Operation>1</Operation>
                        <Extensions>.dylib</Extensions>
                    </Platform>
                    <Platform Name="iOSDevice32">
                        <Operation>1</Operation>
                        <Extensions>.dylib</Extensions>
                    </Platform>
                    <Platform Name="iOSSimulator">
                        <Operation>1</Operation>
                        <Extensions>.dylib</Extensions>
                    </Platform>
                </DeployClass>
                <DeployClass Name="ProjectOSXResource">
                    <Platform Name="OSX32">
                        <RemoteDir>Contents\Resources</RemoteDir>
                        <Operation>1</Operation>
                    </Platform>
                </DeployClass>
                <DeployClass Name="AndroidClassesDexFile">
                    <Platform Name="Android">
                        <RemoteDir>classes</RemoteDir>
                        <Operation>1</Operation>
                    </Platform>
                </DeployClass>
                <DeployClass Name="Android_LauncherIcon144">
                    <Platform Name="Android">
                        <RemoteDir>res\drawable-xxhdpi</RemoteDir>
                        <Operation>1</Operation>
                    </Platform>
                </DeployClass>
                <DeployClass Name="AdditionalDebugSymbols">
                    <Platform Name="Win32">
                        <RemoteDir>Contents\MacOS</RemoteDir>
                        <Operation>0</Operation>
                    </Platform>
                    <Platform Name="iOSSimulator">
                        <Operation>1</Operation>
                    </Platform>
                    <Platform Name="OSX32">
                        <RemoteDir>Contents\MacOS</RemoteDir>
                        <Operation>1</Operation>
                    </Platform>
                </DeployClass>
                <DeployClass Name="AndroidLibnativeMipsFile">
                    <Platform Name="Android">
                        <RemoteDir>library\lib\mips</RemoteDir>
                        <Operation>1</Operation>
                    </Platform>
                </DeployClass>
                <DeployClass Name="iPad_Launch768">
                    <Platform Name="iOSSimulator">
                        <Operation>1</Operation>
                    </Platform>
                    <Platform Name="iOSDevice64">
                        <Operation>1</Operation>
                    </Platform>
                    <Platform Name="iOSDevice32">
                        <Operation>1</Operation>
                    </Platform>
                </DeployClass>
                <DeployClass Required="true" Name="ProjectOutput">
                    <Platform Name="Win32">
                        <Operation>0</Operation>
                    </Platform>
                    <Platform Name="iOSDevice64">
                        <Operation>1</Operation>
                    </Platform>
                    <Platform Name="OSX32">
                        <RemoteDir>Contents\MacOS</RemoteDir>
                        <Operation>1</Operation>
                    </Platform>
                    <Platform Name="iOSDevice32">
                        <Operation>1</Operation>
                    </Platform>
                    <Platform Name="Android">
                        <RemoteDir>library\lib\armeabi-v7a</RemoteDir>
                        <Operation>1</Operation>
                    </Platform>
                    <Platform Name="iOSSimulator">
                        <Operation>1</Operation>
                    </Platform>
                </DeployClass>
                <DeployClass Name="DependencyFramework">
                    <Platform Name="Win32">
                        <Operation>0</Operation>
                    </Platform>
                    <Platform Name="OSX32">
                        <RemoteDir>Contents\MacOS</RemoteDir>
                        <Operation>1</Operation>
                        <Extensions>.framework</Extensions>
                    </Platform>
                </DeployClass>
                <DeployClass Name="iPhone_Launch640">
                    <Platform Name="iOSSimulator">
                        <Operation>1</Operation>
                    </Platform>
                    <Platform Name="iOSDevice64">
                        <Operation>1</Operation>
                    </Platform>
                    <Platform Name="iOSDevice32">
                        <Operation>1</Operation>
                    </Platform>
                </DeployClass>
                <DeployClass Name="AndroidLibnativeX86File">
                    <Platform Name="Android">
                        <RemoteDir>library\lib\x86</RemoteDir>
                        <Operation>1</Operation>
                    </Platform>
                </DeployClass>
                <DeployClass Name="ProjectiOSDeviceDebug">
                    <Platform Name="iOSDevice64">
                        <RemoteDir>..\$(PROJECTNAME).app.dSYM\Contents\Resources\DWARF</RemoteDir>
                        <Operation>1</Operation>
                    </Platform>
                    <Platform Name="iOSDevice32">
                        <RemoteDir>..\$(PROJECTNAME).app.dSYM\Contents\Resources\DWARF</RemoteDir>
                        <Operation>1</Operation>
                    </Platform>
                </DeployClass>
                <DeployClass Name="iPad_Launch1024">
                    <Platform Name="iOSSimulator">
                        <Operation>1</Operation>
                    </Platform>
                    <Platform Name="iOSDevice64">
                        <Operation>1</Operation>
                    </Platform>
                    <Platform Name="iOSDevice32">
                        <Operation>1</Operation>
                    </Platform>
                </DeployClass>
                <DeployClass Name="iPhone_Launch320">
                    <Platform Name="iOSSimulator">
                        <Operation>1</Operation>
                    </Platform>
                    <Platform Name="iOSDevice64">
                        <Operation>1</Operation>
                    </Platform>
                    <Platform Name="iOSDevice32">
                        <Operation>1</Operation>
                    </Platform>
                </DeployClass>
                <DeployClass Name="ProjectiOSInfoPList">
                    <Platform Name="iOSSimulator">
                        <Operation>1</Operation>
                    </Platform>
                    <Platform Name="iOSDevice64">
                        <Operation>1</Operation>
                    </Platform>
                    <Platform Name="iOSDevice32">
                        <Operation>1</Operation>
                    </Platform>
                </DeployClass>
                <DeployClass Name="AndroidLibnativeArmeabiFile">
                    <Platform Name="Android">
                        <RemoteDir>library\lib\armeabi</RemoteDir>
                        <Operation>1</Operation>
                    </Platform>
                </DeployClass>
                <DeployClass Name="DebugSymbols">
                    <Platform Name="Win32">
                        <Operation>0</Operation>
                    </Platform>
                    <Platform Name="iOSSimulator">
                        <Operation>1</Operation>
                    </Platform>
                    <Platform Name="OSX32">
                        <RemoteDir>Contents\MacOS</RemoteDir>
                        <Operation>1</Operation>
                    </Platform>
                </DeployClass>
                <DeployClass Name="iPad_Launch1536">
                    <Platform Name="iOSSimulator">
                        <Operation>1</Operation>
                    </Platform>
                    <Platform Name="iOSDevice64">
                        <Operation>1</Operation>
                    </Platform>
                    <Platform Name="iOSDevice32">
                        <Operation>1</Operation>
                    </Platform>
                </DeployClass>
                <DeployClass Name="Android_SplashImage470">
                    <Platform Name="Android">
                        <RemoteDir>res\drawable-normal</RemoteDir>
                        <Operation>1</Operation>
                    </Platform>
                </DeployClass>
                <DeployClass Name="Android_LauncherIcon96">
                    <Platform Name="Android">
                        <RemoteDir>res\drawable-xhdpi</RemoteDir>
                        <Operation>1</Operation>
                    </Platform>
                </DeployClass>
                <DeployClass Name="Android_SplashImage640">
                    <Platform Name="Android">
                        <RemoteDir>res\drawable-large</RemoteDir>
                        <Operation>1</Operation>
                    </Platform>
                </DeployClass>
                <DeployClass Name="iPhone_Launch640x1136">
                    <Platform Name="iOSSimulator">
                        <Operation>1</Operation>
                    </Platform>
                    <Platform Name="iOSDevice64">
                        <Operation>1</Operation>
                    </Platform>
                    <Platform Name="iOSDevice32">
                        <Operation>1</Operation>
                    </Platform>
                </DeployClass>
                <DeployClass Name="ProjectiOSEntitlements">
                    <Platform Name="iOSDevice64">
                        <RemoteDir>../</RemoteDir>
                        <Operation>1</Operation>
                    </Platform>
                    <Platform Name="iOSDevice32">
                        <RemoteDir>../</RemoteDir>
                        <Operation>1</Operation>
                    </Platform>
                </DeployClass>
                <DeployClass Name="AndroidGDBServer">
                    <Platform Name="Android">
                        <RemoteDir>library\lib\armeabi-v7a</RemoteDir>
                        <Operation>1</Operation>
                    </Platform>
                </DeployClass>
                <DeployClass Name="Android_LauncherIcon72">
                    <Platform Name="Android">
                        <RemoteDir>res\drawable-hdpi</RemoteDir>
                        <Operation>1</Operation>
                    </Platform>
                </DeployClass>
                <DeployClass Name="ProjectOSXInfoPList">
                    <Platform Name="OSX32">
                        <RemoteDir>Contents</RemoteDir>
                        <Operation>1</Operation>
                    </Platform>
                </DeployClass>
                <DeployClass Name="ProjectOSXEntitlements">
                    <Platform Name="OSX32">
                        <RemoteDir>../</RemoteDir>
                        <Operation>1</Operation>
                    </Platform>
                </DeployClass>
                <DeployClass Name="iPad_Launch2048">
                    <Platform Name="iOSSimulator">
                        <Operation>1</Operation>
                    </Platform>
                    <Platform Name="iOSDevice64">
                        <Operation>1</Operation>
                    </Platform>
                    <Platform Name="iOSDevice32">
                        <Operation>1</Operation>
                    </Platform>
                </DeployClass>
                <DeployClass Name="AndroidSplashStyles">
                    <Platform Name="Android">
                        <RemoteDir>res\values</RemoteDir>
                        <Operation>1</Operation>
                    </Platform>
                </DeployClass>
                <DeployClass Name="Android_SplashImage426">
                    <Platform Name="Android">
                        <RemoteDir>res\drawable-small</RemoteDir>
                        <Operation>1</Operation>
                    </Platform>
                </DeployClass>
                <DeployClass Name="AndroidSplashImageDef">
                    <Platform Name="Android">
                        <RemoteDir>res\drawable</RemoteDir>
                        <Operation>1</Operation>
                    </Platform>
                </DeployClass>
                <DeployClass Name="ProjectiOSResource">
                    <Platform Name="iOSSimulator">
                        <Operation>1</Operation>
                    </Platform>
                    <Platform Name="iOSDevice64">
                        <Operation>1</Operation>
                    </Platform>
                    <Platform Name="iOSDevice32">
                        <Operation>1</Operation>
                    </Platform>
                </DeployClass>
                <DeployClass Name="ProjectAndroidManifest">
                    <Platform Name="Android">
                        <Operation>1</Operation>
                    </Platform>
                </DeployClass>
                <DeployClass Name="Android_DefaultAppIcon">
                    <Platform Name="Android">
                        <RemoteDir>res\drawable</RemoteDir>
                        <Operation>1</Operation>
                    </Platform>
                </DeployClass>
                <DeployClass Name="File">
                    <Platform Name="Win32">
                        <Operation>0</Operation>
                    </Platform>
                    <Platform Name="iOSDevice64">
                        <Operation>0</Operation>
                    </Platform>
                    <Platform Name="OSX32">
                        <RemoteDir>Contents\Resources\StartUp\</RemoteDir>
                        <Operation>0</Operation>
                    </Platform>
                    <Platform Name="iOSDevice32">
                        <Operation>0</Operation>
                    </Platform>
                    <Platform Name="Android">
                        <Operation>0</Operation>
                    </Platform>
                    <Platform Name="iOSSimulator">
                        <Operation>0</Operation>
                    </Platform>
                </DeployClass>
                <DeployClass Name="AndroidServiceOutput">
                    <Platform Name="Android">
                        <RemoteDir>library\lib\armeabi-v7a</RemoteDir>
                        <Operation>1</Operation>
                    </Platform>
                </DeployClass>
                <DeployClass Required="true" Name="DependencyPackage">
                    <Platform Name="Win32">
                        <Operation>0</Operation>
                        <Extensions>.bpl</Extensions>
                    </Platform>
                    <Platform Name="iOSDevice64">
                        <Operation>1</Operation>
                        <Extensions>.dylib</Extensions>
                    </Platform>
                    <Platform Name="OSX32">
                        <RemoteDir>Contents\MacOS</RemoteDir>
                        <Operation>1</Operation>
                        <Extensions>.dylib</Extensions>
                    </Platform>
                    <Platform Name="iOSDevice32">
                        <Operation>1</Operation>
                        <Extensions>.dylib</Extensions>
                    </Platform>
                    <Platform Name="iOSSimulator">
                        <Operation>1</Operation>
                        <Extensions>.dylib</Extensions>
                    </Platform>
                </DeployClass>
                <DeployClass Name="Android_LauncherIcon48">
                    <Platform Name="Android">
                        <RemoteDir>res\drawable-mdpi</RemoteDir>
                        <Operation>1</Operation>
                    </Platform>
                </DeployClass>
                <DeployClass Name="Android_SplashImage960">
                    <Platform Name="Android">
                        <RemoteDir>res\drawable-xlarge</RemoteDir>
                        <Operation>1</Operation>
                    </Platform>
                </DeployClass>
                <DeployClass Name="Android_LauncherIcon36">
                    <Platform Name="Android">
                        <RemoteDir>res\drawable-ldpi</RemoteDir>
                        <Operation>1</Operation>
                    </Platform>
                </DeployClass>
                <DeployClass Name="ProjectiOSDeviceResourceRules">
                    <Platform Name="iOSDevice64">
                        <Operation>1</Operation>
                    </Platform>
                    <Platform Name="iOSDevice32">
                        <Operation>1</Operation>
                    </Platform>
                </DeployClass>
                <ProjectRoot Platform="Win64" Name="$(PROJECTNAME)"/>
                <ProjectRoot Platform="iOSDevice64" Name="$(PROJECTNAME).app"/>
                <ProjectRoot Platform="iOSDevice32" Name="$(PROJECTNAME).app"/>
                <ProjectRoot Platform="Win32" Name="$(PROJECTNAME)"/>
                <ProjectRoot Platform="OSX32" Name="$(PROJECTNAME).app"/>
                <ProjectRoot Platform="Android" Name="$(PROJECTNAME)"/>
                <ProjectRoot Platform="iOSSimulator" Name="$(PROJECTNAME).app"/>
            </Deployment>
        </BorlandProject>
        <ProjectFileVersion>12</ProjectFileVersion>
    </ProjectExtensions>
    <ItemGroup>
        <DelphiCompile Include="$(MainSource)">
            <MainSource>MainSource</MainSource>
        </DelphiCompile>
        <DCCReference Include="uFrmPrincipal.pas">
            <Form>frmPrincipal</Form>
        </DCCReference>
        <DCCReference Include="..\padrao\uFrmPadraoRel.pas">
            <Form>FrmPadraoRel</Form>
        </DCCReference>
        <DCCReference Include="..\Padrao\uFrmPesCnpj.pas"/>
        <DCCReference Include="..\Compras\uFrmCadComprador.pas">
            <Form>frmCadComprador</Form>
        </DCCReference>
        <DCCReference Include="..\padrao\uRecError.pas">
            <Form>ReconcileErrorForm</Form>
        </DCCReference>
        <DCCReference Include="..\Padrao\uFuncao.pas"/>
        <DCCReference Include="..\Padrao\uFrmCadPadraoEmpCont.pas">
            <Form>FrmCadPadraoEmpCont</Form>
        </DCCReference>
        <DCCReference Include="..\Padrao\uFrmPadraoPesqEmpContabil.pas">
            <Form>FrmPadraoPesqEmpContabil</Form>
        </DCCReference>
        <DCCReference Include="..\Padrao\uFrmPesEmpFiscal.pas">
            <Form>FrmPesEmpFiscal</Form>
        </DCCReference>
        <DCCReference Include="..\Padrao\uFrmPesEmpContabil.pas">
            <Form>FrmPesEmpContabil</Form>
        </DCCReference>
        <DCCReference Include="..\Padrao\uFrmSelEmpresas.pas">
            <Form>FrmSelEmpresas</Form>
        </DCCReference>
        <DCCReference Include="..\Padrao\uDmFind.pas">
            <Form>dmFind</Form>
            <DesignClass>TDataModule</DesignClass>
        </DCCReference>
        <DCCReference Include="..\Padrao\uFrmBackup.pas">
            <Form>frmBackup</Form>
        </DCCReference>
        <DCCReference Include="..\Compras\uFrmCadCotacao.pas">
            <Form>FrmCadCotacao</Form>
        </DCCReference>
        <DCCReference Include="..\padrao\uFrmCadPadrao.pas">
            <Form>FrmCadPadrao</Form>
        </DCCReference>
        <DCCReference Include="..\padrao\uFrmPadrao.pas">
            <Form>FrmPadrao</Form>
        </DCCReference>
        <DCCReference Include="..\Produtos\uFrmCadProduto.pas">
            <Form>FrmCadProduto</Form>
        </DCCReference>
        <DCCReference Include="..\Producao\uFrmCadContratoCompra.pas">
            <Form>FrmCadContratoCompra</Form>
        </DCCReference>
        <DCCReference Include="..\Padrao\uFrmCadPadraoEmpFiscal.pas">
            <Form>FrmCadPadraoEmpFiscal</Form>
        </DCCReference>
        <DCCReference Include="..\Fiscal\uFrmCadConfigFiscal.pas">
            <Form>frmCadConfigFiscal</Form>
        </DCCReference>
        <DCCReference Include="..\padrao\uFrmCadPadraoGrid.pas">
            <Form>FrmCadPadraoGrid</Form>
        </DCCReference>
        <DCCReference Include="..\Padrao\uFrmPadraoPesqEmpFiscalPivot.pas">
            <Form>FrmPadraoPesqEmpFiscalPivot</Form>
        </DCCReference>
        <DCCReference Include="..\Compras\uFrmGerenciaRequisicao.pas">
            <Form>FrmGerenciaRequisicao</Form>
        </DCCReference>
        <DCCReference Include="..\Padrao\uFrmPadraoPesquisaPivot.pas">
            <Form>FrmPadraoPesquisaPivot</Form>
        </DCCReference>
        <DCCReference Include="..\Padrao\uFrmSobre.pas">
            <Form>FrmSobre</Form>
        </DCCReference>
        <DCCReference Include="..\Compras\uFrmCadCondicaoPgto.pas">
            <Form>FrmCadCondicaoPgto</Form>
        </DCCReference>
        <DCCReference Include="..\Financas\uCadDocSerie.pas">
            <Form>frmCadDocSerie</Form>
        </DCCReference>
        <DCCReference Include="..\Fiscal\uFrmNFE.pas">
            <Form>FrmNfE</Form>
        </DCCReference>
        <DCCReference Include="..\Cadastros\uCadCidade.pas">
            <Form>frmCadCidade</Form>
        </DCCReference>
        <DCCReference Include="..\Cadastros\uCadGeral.pas">
            <Form>frmCadGeral</Form>
        </DCCReference>
        <DCCReference Include="..\Padrao\uFrmPesProdutoGrupo.pas">
            <Form>FrmPesProdutoGrupo</Form>
        </DCCReference>
        <DCCReference Include="..\Compras\uCadCriterioCompra.pas">
            <Form>frmCadCriterioCompra</Form>
        </DCCReference>
        <DCCReference Include="..\Padrao\uFrmPesClienteFiscal.pas">
            <Form>FrmPesClienteFiscal</Form>
        </DCCReference>
        <DCCReference Include="..\Compras\uFrmPesCotacao.pas">
            <Form>FrmPesCotacao</Form>
        </DCCReference>
        <DCCReference Include="..\Producao\uFrmCadOrdemFrete.pas">
            <Form>FrmCadOrdemFrete</Form>
        </DCCReference>
        <DCCReference Include="..\Compras\uFrmPesInventario.pas">
            <Form>FrmPesInventario</Form>
        </DCCReference>
        <DCCReference Include="..\Producao\uFrmPesAplicacao.pas">
            <Form>FrmPesAplicacao</Form>
        </DCCReference>
        <DCCReference Include="..\Compras\uFrmRelRequisicao.pas">
            <Form>FrmRelRequisicao</Form>
        </DCCReference>
        <DCCReference Include="..\Compras\uFrmCadPedidoCompra.pas">
            <Form>FrmCadPedidoCompra</Form>
        </DCCReference>
        <DCCReference Include="..\Padrao\uFrmPadraoRelEmpresa.pas">
            <Form>FrmPadraoRelEmpresa</Form>
        </DCCReference>
        <DCCReference Include="..\Padrao\uFrmPadraoRelEmpFiscal.pas">
            <Form>FrmPadraoRelEmpFiscal</Form>
        </DCCReference>
        <DCCReference Include="..\Fiscal\uFrmRelContagem.pas">
            <Form>FrmRelContagem</Form>
        </DCCReference>
        <DCCReference Include="..\Produtos\uFrmCadProdDeposito.pas">
            <Form>FrmCadProdDeposito</Form>
        </DCCReference>
        <DCCReference Include="..\Compras\uFrmPesConferencia.pas">
            <Form>FrmPesConferencia</Form>
        </DCCReference>
        <DCCReference Include="..\Padrao\uFrmPesProduto.pas">
            <Form>FrmPesProduto</Form>
        </DCCReference>
        <DCCReference Include="..\Produtos\uFrmMovEstoque.pas">
            <Form>FrmMovEstoque</Form>
        </DCCReference>
        <DCCReference Include="..\Compras\uCadFabricante.pas">
            <Form>frmCadFabricante</Form>
        </DCCReference>
        <DCCReference Include="..\Compras\uFrmPesRecepcaoNFE.pas">
            <Form>FrmPesRecepcaoNFE</Form>
        </DCCReference>
        <DCCReference Include="..\Compras\uFrmPesPedidoCompra.pas">
            <Form>FrmPesPedidoCompra</Form>
        </DCCReference>
        <DCCReference Include="..\Compras\uFrmHistoricoRecepcao.pas">
            <Form>FrmHistoricoRecepcao</Form>
        </DCCReference>
        <DCCReference Include="..\Producao\uFrmTransfContratoCompra.pas">
            <Form>FrmTransfContratoCompra</Form>
        </DCCReference>
        <DCCReference Include="..\Compras\uFrmRelCotacaoValor.pas">
            <Form>FrmRelCotacaoValor</Form>
        </DCCReference>
        <DCCReference Include="..\Compras\uFrmRelConfRecepcao.pas">
            <Form>FrmRelConfRecepcao</Form>
        </DCCReference>
        <DCCReference Include="..\Compras\uFrmRelPedidoCompra.pas">
            <Form>FrmRelPedidoCompra</Form>
        </DCCReference>
        <DCCReference Include="..\Compras\uFrmCotacaoFilial.pas">
            <Form>FrmCotacaoFilial</Form>
        </DCCReference>
        <DCCReference Include="..\Compras\uFrmDistribuiNF.pas">
            <Form>FrmDistribuiNF</Form>
        </DCCReference>
        <DCCReference Include="..\Compras\uFrmSelNfE.pas">
            <Form>FrmSelNfE</Form>
        </DCCReference>
        <DCCReference Include="uFrmPortal.pas">
            <Form>FrmPortal</Form>
        </DCCReference>
        <DCCReference Include="..\Produtos\uFrmPesMovEstoque.pas">
            <Form>FrmPesMovEstoque</Form>
        </DCCReference>
        <DCCReference Include="..\..\Padrao\ufrmStatus.pas">
            <Form>frmStatus</Form>
        </DCCReference>
        <DCCReference Include="..\Cadastros\uFrmSeguranca.pas">
            <Form>FrmSeguranca</Form>
        </DCCReference>
        <DCCReference Include="..\Cadastros\uCadSegGrupoMenu.pas">
            <Form>frmCadSegGrupoMenu</Form>
        </DCCReference>
        <DCCReference Include="..\Cadastros\uCadSegMenu.pas">
            <Form>frmCadSegMenu</Form>
        </DCCReference>
        <DCCReference Include="..\Cadastros\uCadSegModulo.pas">
            <Form>frmCadSegModulo</Form>
        </DCCReference>
        <DCCReference Include="..\Cadastros\uFrmCadSegGrupoPermissao.pas">
            <Form>frmCadSegGrupoPermissao</Form>
        </DCCReference>
        <DCCReference Include="..\Cadastros\uFrmPesSegMenu.pas">
            <Form>FrmPesSegMenu</Form>
        </DCCReference>
        <DCCReference Include="..\Cadastros\uFrmVerInsert.pas">
            <Form>FrmVerInsert</Form>
        </DCCReference>
        <DCCReference Include="..\Cadastros\uFrmCadUsuario.pas">
            <Form>frmCadUsuario</Form>
        </DCCReference>
        <DCCReference Include="..\Cadastros\uCadUsuarioGrupo.pas">
            <Form>frmCadUsuarioGrupo</Form>
        </DCCReference>
        <DCCReference Include="..\Financas\uFrmCadConfigFinanc.pas">
            <Form>FrmCadConfigFinanc</Form>
        </DCCReference>
        <DCCReference Include="..\Producao\uFrmCadItemFrete.pas">
            <Form>frmCadItemFrete</Form>
        </DCCReference>
        <DCCReference Include="..\Contabil\uFrmCadPlanoConta.pas">
            <Form>frmCadPlanoConta</Form>
        </DCCReference>
        <DCCReference Include="..\Contabil\uFrmCadPlanoContaGrupo.pas">
            <Form>FrmCadPlanoContaGrupo</Form>
        </DCCReference>
        <DCCReference Include="..\Contabil\uFrmConfigContabil.pas">
            <Form>FrmConfigContabil</Form>
        </DCCReference>
        <DCCReference Include="..\Contabil\uFrmContRelaciona.pas">
            <Form>FrmCadContRelaciona</Form>
        </DCCReference>
        <DCCReference Include="..\Contabil\uFrmContEliminaCancelado.pas">
            <Form>FrmContEliminaCancelado</Form>
        </DCCReference>
        <DCCReference Include="..\Contabil\uFrmPesRelaciona.pas">
            <Form>FrmPesRelaciona</Form>
        </DCCReference>
        <DCCReference Include="..\Contabil\uFrmRelBalPatrimonial.pas">
            <Form>FrmRelBalPatrimonial</Form>
        </DCCReference>
        <DCCReference Include="..\Contabil\uFrmRelCodigo.pas">
            <Form>FrmRelCodigo</Form>
        </DCCReference>
        <DCCReference Include="..\Contabil\uFrmRelDiario.pas">
            <Form>FrmRelDiario</Form>
        </DCCReference>
        <DCCReference Include="..\Contabil\uFrmRelDRE.pas">
            <Form>FrmRelDRE</Form>
        </DCCReference>
        <DCCReference Include="..\Contabil\uFrmRelPlanoConta.pas">
            <Form>FrmRelPlanoConta</Form>
        </DCCReference>
        <DCCReference Include="..\Contabil\uFrmRelRazao.pas">
            <Form>FrmRelRazao</Form>
        </DCCReference>
        <DCCReference Include="..\Contabil\uFrmRelSlip.pas">
            <Form>FrmRelSlip</Form>
        </DCCReference>
        <DCCReference Include="..\Cadastros\uFrmCadSafra.pas">
            <Form>FrmCadSafra</Form>
        </DCCReference>
        <DCCReference Include="..\Produtos\uFrmCadProdMedida.pas">
            <Form>FrmCadProdMedida</Form>
        </DCCReference>
        <DCCReference Include="..\Produtos\uFrmCadProdGrupo.pas">
            <Form>FrmCadProdGrupo</Form>
        </DCCReference>
        <DCCReference Include="..\Produtos\uFrmCadProdSubGrupo.pas">
            <Form>FrmCadProdSubGrupo</Form>
        </DCCReference>
        <DCCReference Include="..\Financas\uCadResultado.pas">
            <Form>FrmCadResultado</Form>
        </DCCReference>
        <DCCReference Include="..\Custos\uFrmCadAplicacao.pas">
            <Form>FrmCadAplicacao</Form>
        </DCCReference>
        <DCCReference Include="..\Padrao\uFrmPadraoPesquisaDevExpress.pas">
            <Form>FrmPadraoPesquisaDevExpress</Form>
        </DCCReference>
        <DCCReference Include="..\Custos\uFrmPesCustos.pas">
            <Form>FrmPesCustos</Form>
        </DCCReference>
        <DCCReference Include="..\Custos\uFrmRelProducao.pas">
            <Form>FrmRelProducao</Form>
        </DCCReference>
        <DCCReference Include="..\Financas\uFrmCadDREFinanceiro.pas">
            <Form>FrmCadDREFinanceiro</Form>
        </DCCReference>
        <DCCReference Include="..\Financas\uCadIndice.pas">
            <Form>frmCadIndice</Form>
        </DCCReference>
        <DCCReference Include="..\Financas\uCadPrevisaoPag.pas">
            <Form>FrmCadPrevisaoPag</Form>
        </DCCReference>
        <DCCReference Include="..\Financas\uCadPrevisaoRec.pas">
            <Form>FrmCadPrevisaoRec</Form>
        </DCCReference>
        <DCCReference Include="..\Financas\uCadTituloPag.pas">
            <Form>FrmCadTituloPag</Form>
        </DCCReference>
        <DCCReference Include="..\Financas\uCadTituloRec.pas">
            <Form>FrmCadTituloRec</Form>
        </DCCReference>
        <DCCReference Include="..\Contabil\uFrmContParametrizaLanc.pas">
            <Form>FrmContParametrizaLanc</Form>
        </DCCReference>
        <DCCReference Include="..\Financas\uFrmAlteraPortador.pas">
            <Form>FrmAlteraPortador</Form>
        </DCCReference>
        <DCCReference Include="..\Financas\uFrmAlteraRec.pas">
            <Form>frmAlteraRec</Form>
        </DCCReference>
        <DCCReference Include="..\Financas\uFrmCadCaixa.pas">
            <Form>FrmCadCaixa</Form>
        </DCCReference>
        <DCCReference Include="..\Financas\uFrmCadChequeAvulso.pas">
            <Form>FrmCadChequeAvulso</Form>
        </DCCReference>
        <DCCReference Include="..\Financas\uFrmCadConta.pas">
            <Form>frmCadConta</Form>
        </DCCReference>
        <DCCReference Include="..\Financas\uFrmCadGerencial.pas">
            <Form>FrmCadGerencial</Form>
        </DCCReference>
        <DCCReference Include="..\Financas\uFrmCadGrupoGerencial.pas">
            <Form>FrmCadGrupoGerencial</Form>
        </DCCReference>
        <DCCReference Include="..\Financas\uFrmCadMovCaixa.pas">
            <Form>FrmCadMovCaixa</Form>
        </DCCReference>
        <DCCReference Include="..\Financas\uFrmCadMovConta.pas">
            <Form>FrmCadMovConta</Form>
        </DCCReference>
        <DCCReference Include="..\Financas\uFrmCadAdiantamento.pas">
            <Form>FrmCadAdiantamento</Form>
        </DCCReference>
        <DCCReference Include="..\Financas\uFrmCadRateio.pas">
            <Form>FrmCadRateio</Form>
        </DCCReference>
        <DCCReference Include="..\Financas\uFrmCadRateioTalhao.pas">
            <Form>FrmCadRateioTalhao</Form>
        </DCCReference>
        <DCCReference Include="..\Financas\uFrmCadTalhao.pas">
            <Form>FrmCadTalhao</Form>
        </DCCReference>
        <DCCReference Include="..\Financas\uFrmPagTitulo.pas">
            <Form>FrmPagTitulo</Form>
        </DCCReference>
        <DCCReference Include="..\Contabil\uFrmPesContIntegracao.pas">
            <Form>FrmPesContIntegracao</Form>
        </DCCReference>
        <DCCReference Include="..\Financas\uFrmPesContaCliente.pas">
            <Form>FrmPesContaCliente</Form>
        </DCCReference>
        <DCCReference Include="..\Financas\uFrmPesGerencial.pas">
            <Form>FrmPesGerencial</Form>
        </DCCReference>
        <DCCReference Include="..\Financas\uFrmPesMovTransf.pas">
            <Form>FrmPesqMovTransf</Form>
        </DCCReference>
        <DCCReference Include="..\Financas\uFrmGeraTituloPRec.pas">
            <Form>FrmGeraTituloPRec</Form>
        </DCCReference>
        <DCCReference Include="..\Financas\uFrmPesPrevisaoRec.pas">
            <Form>FrmPesPrevisaoRec</Form>
        </DCCReference>
        <DCCReference Include="..\Financas\uFrmPesTituloPag.pas">
            <Form>FrmPesTituloPag</Form>
        </DCCReference>
        <DCCReference Include="..\Financas\uFrmPesMovCaixa.pas">
            <Form>FrmPesMovCaixa</Form>
        </DCCReference>
        <DCCReference Include="..\Financas\uFrmEncerraContratoVenda.pas">
            <Form>FrmEncerraContratoVenda</Form>
        </DCCReference>
        <DCCReference Include="..\Financas\uFrmRecTitulo.pas">
            <Form>FrmRecTitulo</Form>
        </DCCReference>
        <DCCReference Include="..\Financas\uFrmRelConfResultados.pas">
            <Form>FrmRelConfResultado</Form>
        </DCCReference>
        <DCCReference Include="..\Financas\uFrmRelAdiantamento.pas">
            <Form>FrmRelAdiantamento</Form>
        </DCCReference>
        <DCCReference Include="..\Financas\uFrmRelContasPagarPortador.pas">
            <Form>FrmRelContasPagarPortador</Form>
        </DCCReference>
        <DCCReference Include="..\Financas\uFrmRelContasReceber.pas">
            <Form>FrmRelContasReceber</Form>
        </DCCReference>
        <DCCReference Include="..\Financas\uFrmRelExtratoBancario.pas">
            <Form>FrmRelExtratoBancario</Form>
        </DCCReference>
        <DCCReference Include="..\Financas\uFrmRelExtratoCaixa.pas">
            <Form>FrmRelExtratoCaixa</Form>
        </DCCReference>
        <DCCReference Include="..\Financas\uFrmRelExtratoCliente.pas">
            <Form>FrmRelExtratoCliente</Form>
        </DCCReference>
        <DCCReference Include="..\Financas\uFrmRelExtratoConta.pas">
            <Form>FrmRelExtratoConta</Form>
        </DCCReference>
        <DCCReference Include="..\Financas\uFrmRelExtratoFornecedor.pas">
            <Form>FrmRelExtratoFornecedor</Form>
        </DCCReference>
        <DCCReference Include="..\Financas\uFrmRelFaturamento.pas">
            <Form>uFrmFaturamento</Form>
        </DCCReference>
        <DCCReference Include="..\Financas\uFrmRelFichaGerencial.pas">
            <Form>FrmRelFichaGerencial</Form>
        </DCCReference>
        <DCCReference Include="..\Financas\uFrmRelFluxoCaixa.pas">
            <Form>FrmRelFluxoCaixa</Form>
        </DCCReference>
        <DCCReference Include="..\Financas\uFrmRelFluxoCaixaMensal.pas">
            <Form>FrmRelFluxoCaixaMensal</Form>
        </DCCReference>
        <DCCReference Include="..\Frota\uFrmRelMaquinas.pas">
            <Form>FrmRelMaquinas</Form>
        </DCCReference>
        <DCCReference Include="..\Financas\uFrmRelMovCaixa.pas">
            <Form>FrmRelMovCaixa</Form>
        </DCCReference>
        <DCCReference Include="..\Financas\uFrmRelMovimentacao.pas">
            <Form>FrmRelMovimentacao</Form>
        </DCCReference>
        <DCCReference Include="..\Financas\uFrmRelPagTitulo.pas">
            <Form>FrmRelPagTitulo</Form>
        </DCCReference>
        <DCCReference Include="..\Financas\uFrmRelRateio.pas">
            <Form>frmRelRateio</Form>
        </DCCReference>
        <DCCReference Include="..\Financas\uFrmRelResultado.pas">
            <Form>frmRelResultado</Form>
        </DCCReference>
        <DCCReference Include="..\Cadastros\uFrmCadTipoAdmissao.pas">
            <Form>FrmCadTipoAdmissao</Form>
        </DCCReference>
        <DCCReference Include="..\Cadastros\uFrmCadGrupoCad.pas">
            <Form>FrmCadGrupoCad</Form>
        </DCCReference>
        <DCCReference Include="..\Financas\uFrmCadPortador.pas">
            <Form>FrmCadPortador</Form>
        </DCCReference>
        <DCCReference Include="..\Fiscal\uCadTributoDetalhe.pas">
            <Form>FrmCadTributoDetalhe</Form>
        </DCCReference>
        <DCCReference Include="..\Fiscal\uFrmCadCfop.pas">
            <Form>frmCadCfop</Form>
        </DCCReference>
        <DCCReference Include="..\Fiscal\uFrmCadConfigLivros.pas">
            <Form>FrmCadConfigLivro</Form>
        </DCCReference>
        <DCCReference Include="..\Fiscal\uFrmCadImpostoOutro.pas">
            <Form>frmCadImpostoOutro</Form>
        </DCCReference>
        <DCCReference Include="..\Fiscal\uFrmCadNatureza.pas">
            <Form>frmCadNatureza</Form>
        </DCCReference>
        <DCCReference Include="..\Fiscal\uFrmCadPagina.pas">
            <Form>FrmCadPagina</Form>
        </DCCReference>
        <DCCReference Include="..\Fiscal\uFrmCadSaldoCredor.pas">
            <Form>FrmCadSaldoCredor</Form>
        </DCCReference>
        <DCCReference Include="..\Fiscal\uFrmConfigNF.pas">
            <Form>FrmConfigNF</Form>
        </DCCReference>
        <DCCReference Include="..\Fiscal\uFrmGeraSintegra.pas">
            <Form>FrmSintegra</Form>
        </DCCReference>
        <DCCReference Include="..\Fiscal\uFrmLayout.pas">
            <Form>FrmLayout</Form>
        </DCCReference>
        <DCCReference Include="..\Fiscal\uFrmNotaFiscal.pas">
            <Form>FrmNotaFiscal</Form>
        </DCCReference>
        <DCCReference Include="..\Transporte\uFrmPesCte.pas">
            <Form>frmPesCte</Form>
        </DCCReference>
        <DCCReference Include="..\Fiscal\uFrmRelApuracaoIcms.pas">
            <Form>FrmRelApuracaoIcms</Form>
        </DCCReference>
        <DCCReference Include="..\Fiscal\uFrmRelEstoque.pas">
            <Form>FrmRelEstoque</Form>
        </DCCReference>
        <DCCReference Include="..\Fiscal\uFrmRelLivroEntrada.pas">
            <Form>frmRelLivroEntrada</Form>
        </DCCReference>
        <DCCReference Include="..\Fiscal\uFrmRelLivroSaida.pas">
            <Form>FrmRelLivroSaida</Form>
        </DCCReference>
        <DCCReference Include="..\Fiscal\uFrmRelProdEstoque.pas">
            <Form>FrmRelProdEstoque</Form>
        </DCCReference>
        <DCCReference Include="..\Patrimonial\uFrmCadBemGrupo.pas">
            <Form>FrmCadBemGrupo</Form>
        </DCCReference>
        <DCCReference Include="..\Patrimonial\uFrmCadBemSubGrupo.pas">
            <Form>FrmCadBemSubGrupo</Form>
        </DCCReference>
        <DCCReference Include="..\Frota\uFrmCadMaquinaMarca.pas">
            <Form>FrmCadMaquinaMarca</Form>
        </DCCReference>
        <DCCReference Include="..\Frota\uFrmCadTipoOleo.pas">
            <Form>FrmCadTipoOleo</Form>
        </DCCReference>
        <DCCReference Include="..\Produtos\uFrmCadTab.pas">
            <Form>FrmCadTab</Form>
        </DCCReference>
        <DCCReference Include="..\Produtos\uFrmRelFichaEstoque.pas">
            <Form>FrmRelFichaEstoque</Form>
        </DCCReference>
        <DCCReference Include="..\Contabil\uFrmLote.pas">
            <Form>FrmCadLote</Form>
        </DCCReference>
        <DCCReference Include="udmServer.pas">
            <Form>dmServer</Form>
            <DesignClass>TDataModule</DesignClass>
        </DCCReference>
        <DCCReference Include="..\Financas\uFrmRelGerencial.pas">
            <Form>FrmRelGerencial</Form>
        </DCCReference>
        <DCCReference Include="..\Financas\uFrmCadMovTransf.pas">
            <Form>FrmCadMovTransf</Form>
        </DCCReference>
        <DCCReference Include="..\Financas\uFrmPesTituloRec.pas">
            <Form>FrmPesTituloRec</Form>
        </DCCReference>
        <DCCReference Include="..\Frota\uFrmCadTipoMaquina.pas">
            <Form>FrmCadTipoMaquina</Form>
        </DCCReference>
        <DCCReference Include="..\Frota\uFrmCadTipoFiltro.pas">
            <Form>FrmCadTipoFiltro</Form>
        </DCCReference>
        <DCCReference Include="..\Frota\uFrmCadTipoAtividade.pas">
            <Form>FrmCadTipoAtividade</Form>
        </DCCReference>
        <DCCReference Include="..\Frota\uFrmRelFichaAponta.pas">
            <Form>FrmRelFichaAponta</Form>
        </DCCReference>
        <DCCReference Include="..\Financas\uFrmRelContasPagar.pas">
            <Form>FrmRelContasPagar</Form>
        </DCCReference>
        <DCCReference Include="..\Frota\uFrmCadMaquina.pas">
            <Form>FrmCadMaquina</Form>
        </DCCReference>
        <DCCReference Include="..\Frota\uFrmCadTipoPneu.pas">
            <Form>FrmCadTipoPneu</Form>
        </DCCReference>
        <DCCReference Include="..\Frota\uFrmCadMaquinaOperacao.pas">
            <Form>FrmCadMaquinaOperacao</Form>
        </DCCReference>
        <DCCReference Include="..\Compras\uFrmRelCotacao.pas">
            <Form>FrmRelCotacao</Form>
        </DCCReference>
        <DCCReference Include="..\Contabil\uFrmPesLote.pas">
            <Form>frmPesLote</Form>
        </DCCReference>
        <DCCReference Include="..\Cadastros\uFrmCadSegmento.pas">
            <Form>FrmCadSegmento</Form>
        </DCCReference>
        <DCCReference Include="..\Compras\uFrmRelConfPedidoCompra.pas">
            <Form>FrmRelConfPedidoCompra</Form>
        </DCCReference>
        <DCCReference Include="..\Cadastros\uFrmCadCultura.pas">
            <Form>FrmCadCultura</Form>
        </DCCReference>
        <DCCReference Include="..\Cadastros\uFrmCadDepartamento.pas">
            <Form>FrmCadDepartamento</Form>
        </DCCReference>
        <DCCReference Include="..\Produtos\uFrmCadDesconto.pas">
            <Form>FrmCadDesconto</Form>
        </DCCReference>
        <DCCReference Include="..\Patrimonial\uFrmCadBem.pas">
            <Form>FrmCadBem</Form>
        </DCCReference>
        <DCCReference Include="..\Financas\uFrmPesAdiantamento.pas">
            <Form>FrmPesAdiantamento</Form>
        </DCCReference>
        <DCCReference Include="..\Producao\uFrmCadEmbarque.pas">
            <Form>FrmCadEmbarque</Form>
        </DCCReference>
        <DCCReference Include="..\Contabil\uFrmRelBalancete.pas">
            <Form>FrmRelBalancete</Form>
        </DCCReference>
        <DCCReference Include="..\Producao\uFrmPesEmbarque.pas">
            <Form>FrmPesEmbarque</Form>
        </DCCReference>
        <DCCReference Include="..\Financas\uCadBanco.pas">
            <Form>frmCadBanco</Form>
        </DCCReference>
        <DCCReference Include="..\Producao\uFrmCadContratoFrete.pas">
            <Form>FrmCadContratoFrete</Form>
        </DCCReference>
        <DCCReference Include="..\Financas\uFrmPesMovConta.pas">
            <Form>FrmPesMovConta</Form>
        </DCCReference>
        <DCCReference Include="..\Producao\uFrmPesContratoFrete.pas">
            <Form>FrmPesContratoFrete</Form>
        </DCCReference>
        <DCCReference Include="..\Frota\uFrmAlteraCodigo.pas">
            <Form>FrmAlteraCodigo</Form>
        </DCCReference>
        <DCCReference Include="..\Compras\uFrmRelEntrega.pas">
            <Form>FrmRelEntrega</Form>
        </DCCReference>
        <DCCReference Include="..\Cadastros\uFrmRelFuncionarios.pas">
            <Form>FrmRelFuncionarios</Form>
        </DCCReference>
        <DCCReference Include="..\Financas\uFrmRelRecebimentos.pas">
            <Form>FrmRelRecebimentos</Form>
        </DCCReference>
        <DCCReference Include="..\Frota\uFrmRelManutencao.pas">
            <Form>FrmRelManutencao</Form>
        </DCCReference>
        <DCCReference Include="..\Frota\uFrmPesManutencao.pas">
            <Form>FrmPesManutencao</Form>
        </DCCReference>
        <DCCReference Include="..\Frota\uFrmPesOperacao.pas">
            <Form>FrmPesOperacao</Form>
        </DCCReference>
        <DCCReference Include="..\Fiscal\uFrmPesProd.pas">
            <Form>FrmPesProd</Form>
        </DCCReference>
        <DCCReference Include="..\Cadastros\uFrmRecalcRateio.pas">
            <Form>FrmRecalcRateio</Form>
        </DCCReference>
        <DCCReference Include="..\Custos\uFrmManutencaoFrete.pas">
            <Form>FrmManutencaoFrete</Form>
        </DCCReference>
        <DCCReference Include="..\Financas\uFrmRelSaldoBancario.pas">
            <Form>FrmRelSaldoBancario</Form>
        </DCCReference>
        <DCCReference Include="..\Producao\uFrmRelContratoCompraDet.pas">
            <Form>FrmRelContratoCompraDet</Form>
        </DCCReference>
        <DCCReference Include="..\Padrao\uDmPadrao.pas">
            <Form>dmPadrao</Form>
            <DesignClass>TDataModule</DesignClass>
        </DCCReference>
        <DCCReference Include="..\Contabil\uFrmRelContabilXFincan.pas">
            <Form>FrmRelContabilXFinan</Form>
        </DCCReference>
        <DCCReference Include="..\Contabil\uFrmRelRelacContabil.pas">
            <Form>FrmRelRelacContabil</Form>
        </DCCReference>
        <DCCReference Include="..\Compras\uFrmCadInventario.pas">
            <Form>FrmCadInventario</Form>
        </DCCReference>
        <DCCReference Include="..\Contabil\uFrmRelLancCaixaConta.pas">
            <Form>FrmRelContCaixaConta</Form>
        </DCCReference>
        <DCCReference Include="..\Frota\uFrmCadMaquinaSeguro.pas">
            <Form>FrmCadMaquinaSeguro</Form>
        </DCCReference>
        <DCCReference Include="..\Frota\uFrmCadSeguradora.pas">
            <Form>FrmCadSeguradora</Form>
        </DCCReference>
        <DCCReference Include="..\Frota\uFrmPesSeguro.pas">
            <Form>FrmPesSeguro</Form>
        </DCCReference>
        <DCCReference Include="..\Contabil\uFrmRelMovTitulos.pas">
            <Form>FrmRelMovTitulos</Form>
        </DCCReference>
        <DCCReference Include="..\Producao\uFrmPesContratoCompra.pas">
            <Form>FrmPesContratoCompra</Form>
        </DCCReference>
        <DCCReference Include="..\Producao\uFrmComissaoContrato.pas">
            <Form>FrmComissaoContrato</Form>
        </DCCReference>
        <DCCReference Include="..\Contabil\uFrmRelTermoAbertura.pas">
            <Form>FrmRelTermoAbertura</Form>
        </DCCReference>
        <DCCReference Include="..\Contabil\uFrmConfigLivrosCont.pas">
            <Form>FrmCadConfigLivrosCont</Form>
        </DCCReference>
        <DCCReference Include="..\Financas\uFrmCadDocumento.pas">
            <Form>FrmCadDocumento</Form>
        </DCCReference>
        <DCCReference Include="..\Financas\uFrmControleCheques.pas">
            <Form>FrmControleCheques</Form>
        </DCCReference>
        <DCCReference Include="..\Financas\uFrmGeraTitulo.pas">
            <Form>FrmGeraTitulo</Form>
        </DCCReference>
        <DCCReference Include="..\Financas\uFrmControleChequesDev.pas">
            <Form>FrmControleChequesDev</Form>
        </DCCReference>
        <DCCReference Include="..\Financas\uFrmRelChequesEmitidos.pas">
            <Form>FrmRelChequesEmitidos</Form>
        </DCCReference>
        <DCCReference Include="..\Financas\uFrmRelFluxoCaixaAnalitico.pas">
            <Form>FrmRelFluxoCaixaAnalitico</Form>
        </DCCReference>
        <DCCReference Include="..\Financas\uFrmAlteraDtVenc.pas">
            <Form>FrmAlteraDtVenc</Form>
        </DCCReference>
        <DCCReference Include="..\Compras\uFrmCarregaEstoque.pas">
            <Form>FrmCarregaEstoque</Form>
        </DCCReference>
        <DCCReference Include="..\Producao\uFrmRelRomaneioProdutor.pas">
            <Form>FrmRelRomaneioProdutor</Form>
        </DCCReference>
        <DCCReference Include="..\Financas\uFrmRelRecibos.pas">
            <Form>FrmRelRecibos</Form>
        </DCCReference>
        <DCCReference Include="..\Cadastros\uFrmListagemClienteFor.pas">
            <Form>FrmRelListagemCliFor</Form>
        </DCCReference>
        <DCCReference Include="..\Financas\uFrmRelComparativo.pas">
            <Form>FrmRelComparativo</Form>
        </DCCReference>
        <DCCReference Include="..\Frota\uFrmRelAbastecimento.pas">
            <Form>FrmRelAbastecimento</Form>
        </DCCReference>
        <DCCReference Include="..\Frota\uFrmRelMaquinaOperacao.pas">
            <Form>FrmRelMaquinaOperacao</Form>
        </DCCReference>
        <DCCReference Include="..\Financas\uFrmSubstituiTitulos.pas">
            <Form>FrmSubstituiTitulos</Form>
        </DCCReference>
        <DCCReference Include="..\Producao\uFrmCadSubGrupo.pas">
            <Form>FrmCadSubGrupo</Form>
        </DCCReference>
        <DCCReference Include="..\Produtos\uFrmCadConfigEstoque.pas">
            <Form>FrmCadConfigEstoque</Form>
        </DCCReference>
        <DCCReference Include="..\Financas\uFrmCadRecibo.pas">
            <Form>FrmCadRecibo</Form>
        </DCCReference>
        <DCCReference Include="..\Financas\uFrmRelGerencialDet.pas">
            <Form>FrmRelGerencialDet</Form>
        </DCCReference>
        <DCCReference Include="..\Frota\uFrmCadAbastecimento.pas">
            <Form>FrmCadAbastecimento</Form>
        </DCCReference>
        <DCCReference Include="..\Frota\uFrmCadMaquinaManutencao.pas">
            <Form>FrmCadMaquinaManutencao</Form>
        </DCCReference>
        <DCCReference Include="..\Compras\uCadConfigCompras.pas">
            <Form>frmCadConfigCompras</Form>
        </DCCReference>
        <DCCReference Include="..\Transporte\uFrmCadCTe.pas">
            <Form>FrmCadCTe</Form>
        </DCCReference>
        <DCCReference Include="..\Producao\uFrmPesContratoVenda.pas">
            <Form>FrmPesContratoVenda</Form>
        </DCCReference>
        <DCCReference Include="..\Producao\uFrmPesRomaneio.pas">
            <Form>FrmPesRomaneio</Form>
        </DCCReference>
        <DCCReference Include="..\Compras\uFrmGeraCotacao.pas">
            <Form>FrmGeraCotacao</Form>
        </DCCReference>
        <DCCReference Include="..\Transporte\uCadConfigTransporte.pas">
            <Form>frmCadConfigTransporte</Form>
        </DCCReference>
        <DCCReference Include="..\Producao\uFrmCadConfigProducao.pas">
            <Form>frmCadConfigProducao</Form>
        </DCCReference>
        <DCCReference Include="..\Cadastros\uFrmCadFuncao.pas">
            <Form>FrmCadFuncao</Form>
            <FormType>dfm</FormType>
        </DCCReference>
        <DCCReference Include="uFrmTeste.pas">
            <Form>FrmTeste</Form>
            <FormType>dfm</FormType>
        </DCCReference>
        <DCCReference Include="..\Transporte\uFrmCTeValidacao.pas">
            <Form>FrmCTeValidacao</Form>
            <FormType>dfm</FormType>
        </DCCReference>
        <DCCReference Include="..\Producao\uFrmRelContratoEmbarque.pas">
            <Form>FrmRelContratoEmbarque</Form>
            <FormType>dfm</FormType>
        </DCCReference>
        <DCCReference Include="..\Fiscal\uFrmPesCartaCorrecao.pas">
            <Form>FrmPesCartaCorrecao</Form>
            <FormType>dfm</FormType>
        </DCCReference>
        <DCCReference Include="..\Fiscal\VMXCCePrint.pas"/>
        <DCCReference Include="..\Contabil\uCadHistorico.pas">
            <Form>frmCadHistorico</Form>
            <FormType>dfm</FormType>
        </DCCReference>
        <DCCReference Include="..\Compras\uFrmCadRequisicao.pas">
            <Form>FrmCadRequisicao</Form>
            <FormType>dfm</FormType>
        </DCCReference>
        <DCCReference Include="..\Compras\uFrmPesRequisicao.pas">
            <Form>FrmPesRequisicao</Form>
            <FormType>dfm</FormType>
        </DCCReference>
        <DCCReference Include="..\Producao\uFrmRelContratoDetalhado.pas">
            <Form>FrmRelContratoDetalhado</Form>
            <FormType>dfm</FormType>
        </DCCReference>
        <DCCReference Include="..\Producao\uFrmRelResumoDesconto.pas">
            <Form>FrmRelResumoDesconto</Form>
            <FormType>dfm</FormType>
        </DCCReference>
        <DCCReference Include="..\Producao\uFrmRelLocalEmbarque.pas">
            <Form>FrmRelLocalEmbarque</Form>
            <FormType>dfm</FormType>
        </DCCReference>
        <DCCReference Include="..\Producao\uFrmRelContratoCusto.pas">
            <Form>FrmRelContratoCusto</Form>
            <FormType>dfm</FormType>
        </DCCReference>
        <DCCReference Include="..\Producao\uFrmRelContratoCompraFinanc.pas">
            <Form>FrmRelContratoCompraFinanc</Form>
            <FormType>dfm</FormType>
        </DCCReference>
        <DCCReference Include="..\Fiscal\uFrmPesNotas.pas">
            <Form>frmPesNotas</Form>
            <FormType>dfm</FormType>
        </DCCReference>
        <DCCReference Include="..\Fiscal\uFrmNFeValidacao.pas">
            <Form>FrmNFeValidacao</Form>
            <FormType>dfm</FormType>
        </DCCReference>
        <DCCReference Include="..\Fiscal\uFrmImportaNFe.pas">
            <Form>FrmImportaNFe</Form>
            <FormType>dfm</FormType>
        </DCCReference>
        <DCCReference Include="..\Producao\uFrmCadArmOperacao.pas">
            <Form>FrmCadArmOperacao</Form>
            <FormType>dfm</FormType>
        </DCCReference>
        <DCCReference Include="..\Padrao\uFrmPadraoPesqEmpFiscal.pas">
            <Form>FrmPadraoPesqEmpFiscal</Form>
            <FormType>dfm</FormType>
        </DCCReference>
        <DCCReference Include="..\Padrao\uFrmPadraoPesquisa.pas">
            <Form>FrmPadraoPesquisa</Form>
            <FormType>dfm</FormType>
        </DCCReference>
        <DCCReference Include="..\Financas\uFrmPesDREFinanceiro.pas">
            <Form>FrmPesDREFinanceiro</Form>
            <FormType>dfm</FormType>
        </DCCReference>
        <DCCReference Include="..\Producao\uFrmPesOrdemFrete.pas">
            <Form>FrmPesOrdemFrete</Form>
            <FormType>dfm</FormType>
        </DCCReference>
        <DCCReference Include="..\Producao\uFrmRelContratoVendaFinanc.pas">
            <Form>FrmRelContratoVendaFinanc</Form>
            <FormType>dfm</FormType>
        </DCCReference>
        <DCCReference Include="..\Producao\uFrmRelRentContratoVenda.pas">
            <Form>FrmRelRentContratoVenda</Form>
            <FormType>dfm</FormType>
        </DCCReference>
        <DCCReference Include="..\Financas\uFrmRelPagamentos.pas">
            <Form>FrmRelPagamentos</Form>
            <FormType>dfm</FormType>
        </DCCReference>
        <DCCReference Include="..\Producao\uFrmRelOrdemFrete.pas">
            <Form>FrmRelOrdemFrete</Form>
            <FormType>dfm</FormType>
        </DCCReference>
        <DCCReference Include="..\Producao\uFrmDistribuiQuebraRom.pas">
            <Form>FrmDistribuiQuebraRom</Form>
            <FormType>dfm</FormType>
        </DCCReference>
        <DCCReference Include="..\Financas\uFrmPesTitulos.pas">
            <Form>FrmPesTitulos</Form>
            <FormType>dfm</FormType>
        </DCCReference>
        <DCCReference Include="..\Compras\uFrmPesRecepcao.pas">
            <Form>FrmPesRecepcao</Form>
            <FormType>dfm</FormType>
        </DCCReference>
        <DCCReference Include="..\Servicos\uFrmCadSerContrato.pas">
            <Form>FrmCadSerContrato</Form>
            <FormType>dfm</FormType>
        </DCCReference>
        <DCCReference Include="..\Producao\uFrmTransfContratoVenda.pas">
            <Form>FrmTransfContratoVenda</Form>
            <FormType>dfm</FormType>
        </DCCReference>
        <DCCReference Include="..\Producao\uFrmRelContratoDesconto.pas">
            <Form>FrmRelContratoDesconto</Form>
            <FormType>dfm</FormType>
        </DCCReference>
        <DCCReference Include="..\Fiscal\uFrmRelNotasFiscais.pas">
            <Form>FrmRelNotasFiscais</Form>
            <FormType>dfm</FormType>
        </DCCReference>
        <DCCReference Include="..\Producao\uFrmRelContratoVenda.pas">
            <Form>FrmRelContratoVenda</Form>
            <FormType>dfm</FormType>
        </DCCReference>
        <DCCReference Include="..\Producao\uFrmRelContratoCompraRes.pas">
            <Form>FrmRelContratoCompraRes</Form>
            <FormType>dfm</FormType>
        </DCCReference>
        <DCCReference Include="..\Producao\uFrmRelContratoVendaRes.pas">
            <Form>FrmRelContratoVendaRes</Form>
            <FormType>dfm</FormType>
        </DCCReference>
        <DCCReference Include="..\Producao\uFrmGeraEmbarqueNf.pas">
            <Form>FrmGeraEmbarqueNf</Form>
            <FormType>dfm</FormType>
        </DCCReference>
        <DCCReference Include="..\Financas\uFrmPesPrevisaoPag.pas">
            <Form>FrmPesPrevisaoPag</Form>
            <FormType>dfm</FormType>
        </DCCReference>
        <DCCReference Include="..\Financas\uFrmImprimeCheque.pas">
            <Form>FrmImprimeCheque</Form>
            <FormType>dfm</FormType>
        </DCCReference>
        <DCCReference Include="..\Financas\uFrmGeraTituloPPag.pas">
            <Form>FrmGeraTituloPPag</Form>
            <FormType>dfm</FormType>
        </DCCReference>
        <DCCReference Include="..\Financas\uFrmPesContratoTituloPag.pas">
            <Form>FrmPesContratoTituloPag</Form>
            <FormType>dfm</FormType>
        </DCCReference>
        <DCCReference Include="..\Financas\uFrmPesContratoTituloRec.pas">
            <Form>FrmPesContratoTituloRec</Form>
            <FormType>dfm</FormType>
        </DCCReference>
        <DCCReference Include="..\Producao\uFrmCadContratoVenda.pas">
            <Form>FrmCadContratoVenda</Form>
            <FormType>dfm</FormType>
        </DCCReference>
        <DCCReference Include="..\Producao\uFrmRelContratoEstoque.pas">
            <Form>FrmRelContratoEstoque</Form>
            <FormType>dfm</FormType>
        </DCCReference>
        <DCCReference Include="..\Producao\uFrmPesSerContrato.pas">
            <Form>FrmPesSerContrato</Form>
            <FormType>dfm</FormType>
        </DCCReference>
        <DCCReference Include="..\Producao\uFrmCadContratoPrevisao.pas">
            <Form>FrmCadContratoPrevisao</Form>
            <FormType>dfm</FormType>
        </DCCReference>
        <DCCReference Include="..\Producao\uFrmPesContratoProjecao.pas">
            <Form>FrmPesContratoPrevisao</Form>
            <FormType>dfm</FormType>
        </DCCReference>
        <DCCReference Include="..\Producao\uFrmRelContratoPrevisaoCusto.pas">
            <Form>FrmRelContratoPrevisaoCusto</Form>
            <FormType>dfm</FormType>
        </DCCReference>
        <DCCReference Include="..\Producao\uFrmRelContratoPrevisao.pas">
            <Form>FrmRelContratoPrevisao</Form>
            <FormType>dfm</FormType>
        </DCCReference>
        <DCCReference Include="..\Producao\uFrmCadRomaneio.pas">
            <Form>FrmCadRomaneio</Form>
            <FormType>dfm</FormType>
        </DCCReference>
        <DCCReference Include="..\Financas\uFrmBaixaTituloRec.pas">
            <Form>FrmBaixaTituloRec</Form>
            <FormType>dfm</FormType>
        </DCCReference>
        <DCCReference Include="..\Financas\uFrmBaixaTituloPag.pas">
            <Form>FrmBaixaTituloPag</Form>
            <FormType>dfm</FormType>
        </DCCReference>
        <DCCReference Include="..\Producao\uFrmRelContratoCustoCFOP.pas">
            <Form>FrmRelContratoCustoCFOP</Form>
            <FormType>dfm</FormType>
        </DCCReference>
        <DCCReference Include="..\Fiscal\uFrmCaptcha.pas">
            <Form>FrmCaptcha</Form>
            <FormType>dfm</FormType>
        </DCCReference>
        <DCCReference Include="..\Fiscal\UTDownloadXMLNFeDLL.pas"/>
        <DCCReference Include="..\Fiscal\utils.pas"/>
        <DCCReference Include="UTraducao.pas"/>
        <DCCReference Include="..\Financas\uFrmPesCompensacao.pas">
            <Form>FrmPesCompensacao</Form>
            <FormType>dfm</FormType>
        </DCCReference>
        <DCCReference Include="..\Financas\uFrmAlteraPag.pas">
            <Form>frmAlteraPag</Form>
            <FormType>dfm</FormType>
        </DCCReference>
        <DCCReference Include="..\Producao\uFrmRelCurvaABCContrato.pas">
            <Form>FrmRelCurvaABCContrato</Form>
            <FormType>dfm</FormType>
        </DCCReference>
        <DCCReference Include="..\Producao\uFrmRelContratoCompra.pas">
            <Form>FrmRelContratoCompra</Form>
            <FormType>dfm</FormType>
        </DCCReference>
        <DCCReference Include="..\Producao\uFrmRelContratoComissao.pas">
            <Form>FrmRelContratoComissao</Form>
            <FormType>dfm</FormType>
        </DCCReference>
        <DCCReference Include="..\Cadastros\uFrmRelLogs.pas">
            <Form>FrmRelLogsSeguranca</Form>
            <FormType>dfm</FormType>
        </DCCReference>
        <DCCReference Include="..\Cadastros\uFrmPendencias.pas">
            <Form>FrmImp_Exp_Pendencias</Form>
            <FormType>dfm</FormType>
        </DCCReference>
        <DCCReference Include="..\Custos\uFrmRelCustos.pas">
            <Form>FrmRelCustos</Form>
            <FormType>dfm</FormType>
        </DCCReference>
        <DCCReference Include="..\Custos\uFrmRelAplicacao.pas">
            <Form>FrmRelAplicacao</Form>
            <FormType>dfm</FormType>
        </DCCReference>
        <DCCReference Include="..\Compras\uFrmAlteraProdPedido.pas">
            <Form>FrmAlteraProdPedido</Form>
            <FormType>dfm</FormType>
        </DCCReference>
        <DCCReference Include="..\Compras\uFrmManutencaoPedido.pas">
            <Form>FrmManutencaoPedido</Form>
            <FormType>dfm</FormType>
        </DCCReference>
        <BuildConfiguration Include="Debug">
            <Key>Cfg_2</Key>
            <CfgParent>Base</CfgParent>
        </BuildConfiguration>
        <BuildConfiguration Include="Base">
            <Key>Base</Key>
        </BuildConfiguration>
        <BuildConfiguration Include="Release">
            <Key>Cfg_1</Key>
            <CfgParent>Base</CfgParent>
        </BuildConfiguration>
    </ItemGroup>
    <Import Condition="Exists('$(BDS)\Bin\CodeGear.Delphi.Targets')" Project="$(BDS)\Bin\CodeGear.Delphi.Targets"/>
    <Import Condition="Exists('$(APPDATA)\Embarcadero\$(BDSAPPDATABASEDIR)\$(PRODUCTVERSION)\UserTools.proj')" Project="$(APPDATA)\Embarcadero\$(BDSAPPDATABASEDIR)\$(PRODUCTVERSION)\UserTools.proj"/>
    <Import Project="$(MSBuildProjectName).deployproj" Condition="Exists('$(MSBuildProjectName).deployproj')"/>
</Project>
